
Microsoft Visual Studio Solution File, Format Version 12.00
# Visual Studio 15
VisualStudioVersion = 15.0.27703.2042
MinimumVisualStudioVersion = 10.0.40219.1
Project("{FAE04EC0-301F-11D3-BF4B-00C04F79EFBC}") = "MarblesBot", "MarblesBot\MarblesBot.csproj", "{CC75F633-705D-43EE-BC03-E297E909BD3E}"
EndProject
Global
	GlobalSection(SolutionConfigurationPlatforms) = preSolution
		Debug|Any CPU = Debug|Any CPU
		Release|Any CPU = Release|Any CPU
	EndGlobalSection
	GlobalSection(ProjectConfigurationPlatforms) = postSolution
		{CC75F633-705D-43EE-BC03-E297E909BD3E}.Debug|Any CPU.ActiveCfg = Debug|Any CPU
		{CC75F633-705D-43EE-BC03-E297E909BD3E}.Debug|Any CPU.Build.0 = Debug|Any CPU
		{CC75F633-705D-43EE-BC03-E297E909BD3E}.Release|Any CPU.ActiveCfg = Release|Any CPU
		{CC75F633-705D-43EE-BC03-E297E909BD3E}.Release|Any CPU.Build.0 = Release|Any CPU
	EndGlobalSection
	GlobalSection(SolutionProperties) = preSolution
		HideSolutionNode = FALSE
	EndGlobalSection
	GlobalSection(ExtensibilityGlobals) = postSolution
		SolutionGuid = {22FCE640-F42B-498F-90FC-D99A6D380B50}
	EndGlobalSection
EndGlobal
